
Microsoft Visual Studio Solution File, Format Version 12.00
# Visual Studio Version 16
VisualStudioVersion = 16.0.30114.105
MinimumVisualStudioVersion = 10.0.40219.1
Project("{FAE04EC0-301F-11D3-BF4B-00C04F79EFBC}") = "NeuronalNetClient", "NeuronalNetClient\NeuronalNetClient.csproj", "{9BE083A9-64F1-44DF-9476-396C2512CD4E}"
EndProject
Project("{FAE04EC0-301F-11D3-BF4B-00C04F79EFBC}") = "NeuronalNetServer", "NeuronalNetServer\NeuronalNetServer.csproj", "{2312FA7B-158D-4BC0-A67E-D55643699D21}"
EndProject
Project("{FAE04EC0-301F-11D3-BF4B-00C04F79EFBC}") = "NeuralNet", "NeuralNet\NeuralNet.csproj", "{F2CF6429-7F85-46CB-A651-598BD179D2E1}"
EndProject
Global
	GlobalSection(SolutionConfigurationPlatforms) = preSolution
		Debug|Any CPU = Debug|Any CPU
		Release|Any CPU = Release|Any CPU
	EndGlobalSection
	GlobalSection(SolutionProperties) = preSolution
		HideSolutionNode = FALSE
	EndGlobalSection
	GlobalSection(ProjectConfigurationPlatforms) = postSolution
		{9BE083A9-64F1-44DF-9476-396C2512CD4E}.Debug|Any CPU.ActiveCfg = Debug|Any CPU
		{9BE083A9-64F1-44DF-9476-396C2512CD4E}.Debug|Any CPU.Build.0 = Debug|Any CPU
		{9BE083A9-64F1-44DF-9476-396C2512CD4E}.Release|Any CPU.ActiveCfg = Release|Any CPU
		{9BE083A9-64F1-44DF-9476-396C2512CD4E}.Release|Any CPU.Build.0 = Release|Any CPU
		{2312FA7B-158D-4BC0-A67E-D55643699D21}.Debug|Any CPU.ActiveCfg = Debug|Any CPU
		{2312FA7B-158D-4BC0-A67E-D55643699D21}.Debug|Any CPU.Build.0 = Debug|Any CPU
		{2312FA7B-158D-4BC0-A67E-D55643699D21}.Release|Any CPU.ActiveCfg = Release|Any CPU
		{2312FA7B-158D-4BC0-A67E-D55643699D21}.Release|Any CPU.Build.0 = Release|Any CPU
		{F2CF6429-7F85-46CB-A651-598BD179D2E1}.Debug|Any CPU.ActiveCfg = Debug|Any CPU
		{F2CF6429-7F85-46CB-A651-598BD179D2E1}.Debug|Any CPU.Build.0 = Debug|Any CPU
		{F2CF6429-7F85-46CB-A651-598BD179D2E1}.Release|Any CPU.ActiveCfg = Release|Any CPU
		{F2CF6429-7F85-46CB-A651-598BD179D2E1}.Release|Any CPU.Build.0 = Release|Any CPU
	EndGlobalSection
EndGlobal
